// !$*UTF8*$!
{
	archiveVersion = 1;
	classes = {
	};
	objectVersion = 51;
	objects = {

/* Begin PBXBuildFile section */
		ADFC47811C2603276F5CE49A /* Pods_Gnosis.framework in Frameworks */ = {isa = PBXBuildFile; fileRef = CA3E2E7EFC7FB07834DE9447 /* Pods_Gnosis.framework */; };
		EC60D92622BBCF440006A934 /* Router.swift in Sources */ = {isa = PBXBuildFile; fileRef = EC60D92522BBCF440006A934 /* Router.swift */; };
		EC60D92822BBD8AC0006A934 /* MessageComposeViewController.swift in Sources */ = {isa = PBXBuildFile; fileRef = EC60D92722BBD8AC0006A934 /* MessageComposeViewController.swift */; };
		ECC5273D22B81CAB00B2AE20 /* AppDelegate.swift in Sources */ = {isa = PBXBuildFile; fileRef = ECC5273C22B81CAB00B2AE20 /* AppDelegate.swift */; };
		ECC5274222B81CAB00B2AE20 /* Main.storyboard in Resources */ = {isa = PBXBuildFile; fileRef = ECC5274022B81CAB00B2AE20 /* Main.storyboard */; };
		ECC5274422B81CAC00B2AE20 /* Assets.xcassets in Resources */ = {isa = PBXBuildFile; fileRef = ECC5274322B81CAC00B2AE20 /* Assets.xcassets */; };
		ECC5274722B81CAC00B2AE20 /* LaunchScreen.storyboard in Resources */ = {isa = PBXBuildFile; fileRef = ECC5274522B81CAC00B2AE20 /* LaunchScreen.storyboard */; };
		ECC5275722B82BC200B2AE20 /* SetupViewController.swift in Sources */ = {isa = PBXBuildFile; fileRef = ECC5275622B82BC200B2AE20 /* SetupViewController.swift */; };
		ECC5275922B8E12800B2AE20 /* RoundedButton.swift in Sources */ = {isa = PBXBuildFile; fileRef = ECC5275822B8E12800B2AE20 /* RoundedButton.swift */; };
		ECC5275B22B8E2A800B2AE20 /* Account.swift in Sources */ = {isa = PBXBuildFile; fileRef = ECC5275A22B8E2A800B2AE20 /* Account.swift */; };
		ECC5276122B9268900B2AE20 /* AccountViewController.swift in Sources */ = {isa = PBXBuildFile; fileRef = ECC5276022B9268900B2AE20 /* AccountViewController.swift */; };
/* End PBXBuildFile section */

/* Begin PBXFileReference section */
		CA3E2E7EFC7FB07834DE9447 /* Pods_Gnosis.framework */ = {isa = PBXFileReference; explicitFileType = wrapper.framework; includeInIndex = 0; path = Pods_Gnosis.framework; sourceTree = BUILT_PRODUCTS_DIR; };
		EC60D92522BBCF440006A934 /* Router.swift */ = {isa = PBXFileReference; lastKnownFileType = sourcecode.swift; path = Router.swift; sourceTree = "<group>"; };
		EC60D92722BBD8AC0006A934 /* MessageComposeViewController.swift */ = {isa = PBXFileReference; lastKnownFileType = sourcecode.swift; path = MessageComposeViewController.swift; sourceTree = "<group>"; };
		ECC5273922B81CAB00B2AE20 /* Gnosis.app */ = {isa = PBXFileReference; explicitFileType = wrapper.application; includeInIndex = 0; path = Gnosis.app; sourceTree = BUILT_PRODUCTS_DIR; };
		ECC5273C22B81CAB00B2AE20 /* AppDelegate.swift */ = {isa = PBXFileReference; lastKnownFileType = sourcecode.swift; path = AppDelegate.swift; sourceTree = "<group>"; };
		ECC5274122B81CAB00B2AE20 /* Base */ = {isa = PBXFileReference; lastKnownFileType = file.storyboard; name = Base; path = Base.lproj/Main.storyboard; sourceTree = "<group>"; };
		ECC5274322B81CAC00B2AE20 /* Assets.xcassets */ = {isa = PBXFileReference; lastKnownFileType = folder.assetcatalog; path = Assets.xcassets; sourceTree = "<group>"; };
		ECC5274622B81CAC00B2AE20 /* Base */ = {isa = PBXFileReference; lastKnownFileType = file.storyboard; name = Base; path = Base.lproj/LaunchScreen.storyboard; sourceTree = "<group>"; };
		ECC5274822B81CAC00B2AE20 /* Info.plist */ = {isa = PBXFileReference; lastKnownFileType = text.plist.xml; path = Info.plist; sourceTree = "<group>"; };
		ECC5275622B82BC200B2AE20 /* SetupViewController.swift */ = {isa = PBXFileReference; lastKnownFileType = sourcecode.swift; path = SetupViewController.swift; sourceTree = "<group>"; };
		ECC5275822B8E12800B2AE20 /* RoundedButton.swift */ = {isa = PBXFileReference; lastKnownFileType = sourcecode.swift; path = RoundedButton.swift; sourceTree = "<group>"; };
		ECC5275A22B8E2A800B2AE20 /* Account.swift */ = {isa = PBXFileReference; lastKnownFileType = sourcecode.swift; path = Account.swift; sourceTree = "<group>"; };
		ECC5276022B9268900B2AE20 /* AccountViewController.swift */ = {isa = PBXFileReference; lastKnownFileType = sourcecode.swift; path = AccountViewController.swift; sourceTree = "<group>"; };
		F848ECB79A3BC80889F10940 /* Pods-Gnosis.debug.xcconfig */ = {isa = PBXFileReference; includeInIndex = 1; lastKnownFileType = text.xcconfig; name = "Pods-Gnosis.debug.xcconfig"; path = "Target Support Files/Pods-Gnosis/Pods-Gnosis.debug.xcconfig"; sourceTree = "<group>"; };
		FE86322355998EC79F37C6B6 /* Pods-Gnosis.release.xcconfig */ = {isa = PBXFileReference; includeInIndex = 1; lastKnownFileType = text.xcconfig; name = "Pods-Gnosis.release.xcconfig"; path = "Target Support Files/Pods-Gnosis/Pods-Gnosis.release.xcconfig"; sourceTree = "<group>"; };
/* End PBXFileReference section */

/* Begin PBXFrameworksBuildPhase section */
		ECC5273622B81CAB00B2AE20 /* Frameworks */ = {
			isa = PBXFrameworksBuildPhase;
			buildActionMask = 2147483647;
			files = (
				ADFC47811C2603276F5CE49A /* Pods_Gnosis.framework in Frameworks */,
			);
			runOnlyForDeploymentPostprocessing = 0;
		};
/* End PBXFrameworksBuildPhase section */

/* Begin PBXGroup section */
		75755D82A6A2B50586189271 /* Frameworks */ = {
			isa = PBXGroup;
			children = (
				CA3E2E7EFC7FB07834DE9447 /* Pods_Gnosis.framework */,
			);
			name = Frameworks;
			sourceTree = "<group>";
		};
		A45B0CD8BA25DC8F354C06DE /* Pods */ = {
			isa = PBXGroup;
			children = (
				F848ECB79A3BC80889F10940 /* Pods-Gnosis.debug.xcconfig */,
				FE86322355998EC79F37C6B6 /* Pods-Gnosis.release.xcconfig */,
			);
			path = Pods;
			sourceTree = "<group>";
		};
		EC60D92422BBCF340006A934 /* Network */ = {
			isa = PBXGroup;
			children = (
				EC60D92522BBCF440006A934 /* Router.swift */,
			);
			path = Network;
			sourceTree = "<group>";
		};
		ECC5273022B81CAB00B2AE20 = {
			isa = PBXGroup;
			children = (
				ECC5273B22B81CAB00B2AE20 /* Gnosis */,
				ECC5273A22B81CAB00B2AE20 /* Products */,
				A45B0CD8BA25DC8F354C06DE /* Pods */,
				75755D82A6A2B50586189271 /* Frameworks */,
			);
			sourceTree = "<group>";
		};
		ECC5273A22B81CAB00B2AE20 /* Products */ = {
			isa = PBXGroup;
			children = (
				ECC5273922B81CAB00B2AE20 /* Gnosis.app */,
			);
			name = Products;
			sourceTree = "<group>";
		};
		ECC5273B22B81CAB00B2AE20 /* Gnosis */ = {
			isa = PBXGroup;
			children = (
				EC60D92422BBCF340006A934 /* Network */,
				ECC5274822B81CAC00B2AE20 /* Info.plist */,
				ECC5273C22B81CAB00B2AE20 /* AppDelegate.swift */,
				ECC5274322B81CAC00B2AE20 /* Assets.xcassets */,
				ECC5275022B81E0600B2AE20 /* Controller */,
				ECC5274522B81CAC00B2AE20 /* LaunchScreen.storyboard */,
				ECC5274022B81CAB00B2AE20 /* Main.storyboard */,
				ECC5274E22B81DFA00B2AE20 /* Model */,
				ECC5274F22B81E0100B2AE20 /* View */,
			);
			path = Gnosis;
			sourceTree = "<group>";
		};
		ECC5274E22B81DFA00B2AE20 /* Model */ = {
			isa = PBXGroup;
			children = (
				ECC5275A22B8E2A800B2AE20 /* Account.swift */,
			);
			path = Model;
			sourceTree = "<group>";
		};
		ECC5274F22B81E0100B2AE20 /* View */ = {
			isa = PBXGroup;
			children = (
				ECC5275822B8E12800B2AE20 /* RoundedButton.swift */,
			);
			path = View;
			sourceTree = "<group>";
		};
		ECC5275022B81E0600B2AE20 /* Controller */ = {
			isa = PBXGroup;
			children = (
				ECC5275622B82BC200B2AE20 /* SetupViewController.swift */,
				ECC5276022B9268900B2AE20 /* AccountViewController.swift */,
				EC60D92722BBD8AC0006A934 /* MessageComposeViewController.swift */,
			);
			path = Controller;
			sourceTree = "<group>";
		};
/* End PBXGroup section */

/* Begin PBXNativeTarget section */
		ECC5273822B81CAB00B2AE20 /* Gnosis */ = {
			isa = PBXNativeTarget;
			buildConfigurationList = ECC5274B22B81CAC00B2AE20 /* Build configuration list for PBXNativeTarget "Gnosis" */;
			buildPhases = (
				82BCFBC07887D4B0503766DC /* [CP] Check Pods Manifest.lock */,
				ECC5273522B81CAB00B2AE20 /* Sources */,
				ECC5273622B81CAB00B2AE20 /* Frameworks */,
				ECC5273722B81CAB00B2AE20 /* Resources */,
				90B5F32BD4789ECD45A053CF /* [CP] Embed Pods Frameworks */,
			);
			buildRules = (
			);
			dependencies = (
			);
			name = Gnosis;
			productName = Gnosis;
			productReference = ECC5273922B81CAB00B2AE20 /* Gnosis.app */;
			productType = "com.apple.product-type.application";
		};
/* End PBXNativeTarget section */

/* Begin PBXProject section */
		ECC5273122B81CAB00B2AE20 /* Project object */ = {
			isa = PBXProject;
			attributes = {
				LastSwiftUpdateCheck = 1020;
				LastUpgradeCheck = 1020;
				ORGANIZATIONNAME = "Onder Erguven";
				TargetAttributes = {
					ECC5273822B81CAB00B2AE20 = {
						CreatedOnToolsVersion = 10.2.1;
					};
				};
			};
			buildConfigurationList = ECC5273422B81CAB00B2AE20 /* Build configuration list for PBXProject "Gnosis" */;
			compatibilityVersion = "Xcode 9.3";
			developmentRegion = en;
			hasScannedForEncodings = 0;
			knownRegions = (
				en,
				Base,
			);
			mainGroup = ECC5273022B81CAB00B2AE20;
			productRefGroup = ECC5273A22B81CAB00B2AE20 /* Products */;
			projectDirPath = "";
			projectRoot = "";
			targets = (
				ECC5273822B81CAB00B2AE20 /* Gnosis */,
			);
		};
/* End PBXProject section */

/* Begin PBXResourcesBuildPhase section */
		ECC5273722B81CAB00B2AE20 /* Resources */ = {
			isa = PBXResourcesBuildPhase;
			buildActionMask = 2147483647;
			files = (
				ECC5274722B81CAC00B2AE20 /* LaunchScreen.storyboard in Resources */,
				ECC5274422B81CAC00B2AE20 /* Assets.xcassets in Resources */,
				ECC5274222B81CAB00B2AE20 /* Main.storyboard in Resources */,
			);
			runOnlyForDeploymentPostprocessing = 0;
		};
/* End PBXResourcesBuildPhase section */

/* Begin PBXShellScriptBuildPhase section */
		82BCFBC07887D4B0503766DC /* [CP] Check Pods Manifest.lock */ = {
			isa = PBXShellScriptBuildPhase;
			buildActionMask = 2147483647;
			files = (
			);
			inputFileListPaths = (
			);
			inputPaths = (
				"${PODS_PODFILE_DIR_PATH}/Podfile.lock",
				"${PODS_ROOT}/Manifest.lock",
			);
			name = "[CP] Check Pods Manifest.lock";
			outputFileListPaths = (
			);
			outputPaths = (
				"$(DERIVED_FILE_DIR)/Pods-Gnosis-checkManifestLockResult.txt",
			);
			runOnlyForDeploymentPostprocessing = 0;
			shellPath = /bin/sh;
			shellScript = "diff \"${PODS_PODFILE_DIR_PATH}/Podfile.lock\" \"${PODS_ROOT}/Manifest.lock\" > /dev/null\nif [ $? != 0 ] ; then\n    # print error to STDERR\n    echo \"error: The sandbox is not in sync with the Podfile.lock. Run 'pod install' or update your CocoaPods installation.\" >&2\n    exit 1\nfi\n# This output is used by Xcode 'outputs' to avoid re-running this script phase.\necho \"SUCCESS\" > \"${SCRIPT_OUTPUT_FILE_0}\"\n";
			showEnvVarsInLog = 0;
		};
		90B5F32BD4789ECD45A053CF /* [CP] Embed Pods Frameworks */ = {
			isa = PBXShellScriptBuildPhase;
			buildActionMask = 2147483647;
			files = (
			);
			inputFileListPaths = (
				"${PODS_ROOT}/Target Support Files/Pods-Gnosis/Pods-Gnosis-frameworks-${CONFIGURATION}-input-files.xcfilelist",
			);
			name = "[CP] Embed Pods Frameworks";
			outputFileListPaths = (
				"${PODS_ROOT}/Target Support Files/Pods-Gnosis/Pods-Gnosis-frameworks-${CONFIGURATION}-output-files.xcfilelist",
			);
			runOnlyForDeploymentPostprocessing = 0;
			shellPath = /bin/sh;
			shellScript = "\"${PODS_ROOT}/Target Support Files/Pods-Gnosis/Pods-Gnosis-frameworks.sh\"\n";
			showEnvVarsInLog = 0;
		};
/* End PBXShellScriptBuildPhase section */

/* Begin PBXSourcesBuildPhase section */
		ECC5273522B81CAB00B2AE20 /* Sources */ = {
			isa = PBXSourcesBuildPhase;
			buildActionMask = 2147483647;
			files = (
				ECC5275722B82BC200B2AE20 /* SetupViewController.swift in Sources */,
				ECC5275922B8E12800B2AE20 /* RoundedButton.swift in Sources */,
				EC60D92822BBD8AC0006A934 /* MessageComposeViewController.swift in Sources */,
				ECC5276122B9268900B2AE20 /* AccountViewController.swift in Sources */,
				ECC5273D22B81CAB00B2AE20 /* AppDelegate.swift in Sources */,
				EC60D92622BBCF440006A934 /* Router.swift in Sources */,
				ECC5275B22B8E2A800B2AE20 /* Account.swift in Sources */,
			);
			runOnlyForDeploymentPostprocessing = 0;
		};
/* End PBXSourcesBuildPhase section */

/* Begin PBXVariantGroup section */
		ECC5274022B81CAB00B2AE20 /* Main.storyboard */ = {
			isa = PBXVariantGroup;
			children = (
				ECC5274122B81CAB00B2AE20 /* Base */,
			);
			name = Main.storyboard;
			sourceTree = "<group>";
		};
		ECC5274522B81CAC00B2AE20 /* LaunchScreen.storyboard */ = {
			isa = PBXVariantGroup;
			children = (
				ECC5274622B81CAC00B2AE20 /* Base */,
			);
			name = LaunchScreen.storyboard;
			sourceTree = "<group>";
		};
/* End PBXVariantGroup section */

/* Begin XCBuildConfiguration section */
		ECC5274922B81CAC00B2AE20 /* Debug */ = {
			isa = XCBuildConfiguration;
			buildSettings = {
				ALWAYS_SEARCH_USER_PATHS = NO;
				CLANG_ANALYZER_NONNULL = YES;
				CLANG_ANALYZER_NUMBER_OBJECT_CONVERSION = YES_AGGRESSIVE;
				CLANG_CXX_LANGUAGE_STANDARD = "gnu++14";
				CLANG_CXX_LIBRARY = "libc++";
				CLANG_ENABLE_MODULES = YES;
				CLANG_ENABLE_OBJC_ARC = YES;
				CLANG_ENABLE_OBJC_WEAK = YES;
				CLANG_WARN_BLOCK_CAPTURE_AUTORELEASING = YES;
				CLANG_WARN_BOOL_CONVERSION = YES;
				CLANG_WARN_COMMA = YES;
				CLANG_WARN_CONSTANT_CONVERSION = YES;
				CLANG_WARN_DEPRECATED_OBJC_IMPLEMENTATIONS = YES;
				CLANG_WARN_DIRECT_OBJC_ISA_USAGE = YES_ERROR;
				CLANG_WARN_DOCUMENTATION_COMMENTS = YES;
				CLANG_WARN_EMPTY_BODY = YES;
				CLANG_WARN_ENUM_CONVERSION = YES;
				CLANG_WARN_INFINITE_RECURSION = YES;
				CLANG_WARN_INT_CONVERSION = YES;
				CLANG_WARN_NON_LITERAL_NULL_CONVERSION = YES;
				CLANG_WARN_OBJC_IMPLICIT_RETAIN_SELF = YES;
				CLANG_WARN_OBJC_LITERAL_CONVERSION = YES;
				CLANG_WARN_OBJC_ROOT_CLASS = YES_ERROR;
				CLANG_WARN_RANGE_LOOP_ANALYSIS = YES;
				CLANG_WARN_STRICT_PROTOTYPES = YES;
				CLANG_WARN_SUSPICIOUS_MOVE = YES;
				CLANG_WARN_UNGUARDED_AVAILABILITY = YES_AGGRESSIVE;
				CLANG_WARN_UNREACHABLE_CODE = YES;
				CLANG_WARN__DUPLICATE_METHOD_MATCH = YES;
				CODE_SIGN_IDENTITY = "iPhone Developer";
				COPY_PHASE_STRIP = NO;
				DEBUG_INFORMATION_FORMAT = dwarf;
				ENABLE_STRICT_OBJC_MSGSEND = YES;
				ENABLE_TESTABILITY = YES;
				GCC_C_LANGUAGE_STANDARD = gnu11;
				GCC_DYNAMIC_NO_PIC = NO;
				GCC_NO_COMMON_BLOCKS = YES;
				GCC_OPTIMIZATION_LEVEL = 0;
				GCC_PREPROCESSOR_DEFINITIONS = (
					"DEBUG=1",
					"$(inherited)",
				);
				GCC_WARN_64_TO_32_BIT_CONVERSION = YES;
				GCC_WARN_ABOUT_RETURN_TYPE = YES_ERROR;
				GCC_WARN_UNDECLARED_SELECTOR = YES;
				GCC_WARN_UNINITIALIZED_AUTOS = YES_AGGRESSIVE;
				GCC_WARN_UNUSED_FUNCTION = YES;
				GCC_WARN_UNUSED_VARIABLE = YES;
				IPHONEOS_DEPLOYMENT_TARGET = 12.2;
				MTL_ENABLE_DEBUG_INFO = INCLUDE_SOURCE;
				MTL_FAST_MATH = YES;
				ONLY_ACTIVE_ARCH = YES;
				SDKROOT = iphoneos;
				SWIFT_ACTIVE_COMPILATION_CONDITIONS = DEBUG;
				SWIFT_OPTIMIZATION_LEVEL = "-Onone";
			};
			name = Debug;
		};
		ECC5274A22B81CAC00B2AE20 /* Release */ = {
			isa = XCBuildConfiguration;
			buildSettings = {
				ALWAYS_SEARCH_USER_PATHS = NO;
				CLANG_ANALYZER_NONNULL = YES;
				CLANG_ANALYZER_NUMBER_OBJECT_CONVERSION = YES_AGGRESSIVE;
				CLANG_CXX_LANGUAGE_STANDARD = "gnu++14";
				CLANG_CXX_LIBRARY = "libc++";
				CLANG_ENABLE_MODULES = YES;
				CLANG_ENABLE_OBJC_ARC = YES;
				CLANG_ENABLE_OBJC_WEAK = YES;
				CLANG_WARN_BLOCK_CAPTURE_AUTORELEASING = YES;
				CLANG_WARN_BOOL_CONVERSION = YES;
				CLANG_WARN_COMMA = YES;
				CLANG_WARN_CONSTANT_CONVERSION = YES;
				CLANG_WARN_DEPRECATED_OBJC_IMPLEMENTATIONS = YES;
				CLANG_WARN_DIRECT_OBJC_ISA_USAGE = YES_ERROR;
				CLANG_WARN_DOCUMENTATION_COMMENTS = YES;
				CLANG_WARN_EMPTY_BODY = YES;
				CLANG_WARN_ENUM_CONVERSION = YES;
				CLANG_WARN_INFINITE_RECURSION = YES;
				CLANG_WARN_INT_CONVERSION = YES;
				CLANG_WARN_NON_LITERAL_NULL_CONVERSION = YES;
				CLANG_WARN_OBJC_IMPLICIT_RETAIN_SELF = YES;
				CLANG_WARN_OBJC_LITERAL_CONVERSION = YES;
				CLANG_WARN_OBJC_ROOT_CLASS = YES_ERROR;
				CLANG_WARN_RANGE_LOOP_ANALYSIS = YES;
				CLANG_WARN_STRICT_PROTOTYPES = YES;
				CLANG_WARN_SUSPICIOUS_MOVE = YES;
				CLANG_WARN_UNGUARDED_AVAILABILITY = YES_AGGRESSIVE;
				CLANG_WARN_UNREACHABLE_CODE = YES;
				CLANG_WARN__DUPLICATE_METHOD_MATCH = YES;
				CODE_SIGN_IDENTITY = "iPhone Developer";
				COPY_PHASE_STRIP = NO;
				DEBUG_INFORMATION_FORMAT = "dwarf-with-dsym";
				ENABLE_NS_ASSERTIONS = NO;
				ENABLE_STRICT_OBJC_MSGSEND = YES;
				GCC_C_LANGUAGE_STANDARD = gnu11;
				GCC_NO_COMMON_BLOCKS = YES;
				GCC_WARN_64_TO_32_BIT_CONVERSION = YES;
				GCC_WARN_ABOUT_RETURN_TYPE = YES_ERROR;
				GCC_WARN_UNDECLARED_SELECTOR = YES;
				GCC_WARN_UNINITIALIZED_AUTOS = YES_AGGRESSIVE;
				GCC_WARN_UNUSED_FUNCTION = YES;
				GCC_WARN_UNUSED_VARIABLE = YES;
				IPHONEOS_DEPLOYMENT_TARGET = 12.2;
				MTL_ENABLE_DEBUG_INFO = NO;
				MTL_FAST_MATH = YES;
				SDKROOT = iphoneos;
				SWIFT_COMPILATION_MODE = wholemodule;
				SWIFT_OPTIMIZATION_LEVEL = "-O";
				VALIDATE_PRODUCT = YES;
			};
			name = Release;
		};
		ECC5274C22B81CAC00B2AE20 /* Debug */ = {
			isa = XCBuildConfiguration;
			baseConfigurationReference = F848ECB79A3BC80889F10940 /* Pods-Gnosis.debug.xcconfig */;
			buildSettings = {
				ASSETCATALOG_COMPILER_APPICON_NAME = AppIcon;
				CODE_SIGN_STYLE = Manual;
				DEVELOPMENT_TEAM = "";
				INFOPLIST_FILE = Gnosis/Info.plist;
				LD_RUNPATH_SEARCH_PATHS = (
					"$(inherited)",
					"@executable_path/Frameworks",
				);
				PRODUCT_BUNDLE_IDENTIFIER = com.ondererguven.Gnosis;
				PRODUCT_NAME = "$(TARGET_NAME)";
				PROVISIONING_PROFILE_SPECIFIER = "";
				SWIFT_VERSION = 5.0;
				TARGETED_DEVICE_FAMILY = "1,2";
			};
			name = Debug;
		};
		ECC5274D22B81CAC00B2AE20 /* Release */ = {
			isa = XCBuildConfiguration;
			baseConfigurationReference = FE86322355998EC79F37C6B6 /* Pods-Gnosis.release.xcconfig */;
			buildSettings = {
				ASSETCATALOG_COMPILER_APPICON_NAME = AppIcon;
				CODE_SIGN_STYLE = Manual;
				DEVELOPMENT_TEAM = "";
				INFOPLIST_FILE = Gnosis/Info.plist;
				LD_RUNPATH_SEARCH_PATHS = (
					"$(inherited)",
					"@executable_path/Frameworks",
				);
				PRODUCT_BUNDLE_IDENTIFIER = com.ondererguven.Gnosis;
				PRODUCT_NAME = "$(TARGET_NAME)";
				PROVISIONING_PROFILE_SPECIFIER = "";
				SWIFT_VERSION = 5.0;
				TARGETED_DEVICE_FAMILY = "1,2";
			};
			name = Release;
		};
/* End XCBuildConfiguration section */

/* Begin XCConfigurationList section */
		ECC5273422B81CAB00B2AE20 /* Build configuration list for PBXProject "Gnosis" */ = {
			isa = XCConfigurationList;
			buildConfigurations = (
				ECC5274922B81CAC00B2AE20 /* Debug */,
				ECC5274A22B81CAC00B2AE20 /* Release */,
			);
			defaultConfigurationIsVisible = 0;
			defaultConfigurationName = Release;
		};
		ECC5274B22B81CAC00B2AE20 /* Build configuration list for PBXNativeTarget "Gnosis" */ = {
			isa = XCConfigurationList;
			buildConfigurations = (
				ECC5274C22B81CAC00B2AE20 /* Debug */,
				ECC5274D22B81CAC00B2AE20 /* Release */,
			);
			defaultConfigurationIsVisible = 0;
			defaultConfigurationName = Release;
		};
/* End XCConfigurationList section */
	};
	rootObject = ECC5273122B81CAB00B2AE20 /* Project object */;
}
